
Microsoft Visual Studio Solution File, Format Version 9.00
# Visual Studio 2005
Project("{8BC9CEB8-8B4A-11D0-8D11-00A0C91BC942}") = "Quiz", "Quiz\Quiz.vcproj", "{EDF8CC4E-78E5-4EB6-9683-F476E136C3C9}"
EndProject
Project("{8BC9CEB8-8B4A-11D0-8D11-00A0C91BC942}") = "QuizEditor", "QuizEditor\QuizEditor.vcproj", "{C6985FE3-8594-4BBF-8FC9-44C19D036FE9}"
EndProject
Global
	GlobalSection(SolutionConfigurationPlatforms) = preSolution
		Debug|Win32 = Debug|Win32
		Release|Win32 = Release|Win32
	EndGlobalSection
	GlobalSection(ProjectConfigurationPlatforms) = postSolution
		{EDF8CC4E-78E5-4EB6-9683-F476E136C3C9}.Debug|Win32.ActiveCfg = Debug|Win32
		{EDF8CC4E-78E5-4EB6-9683-F476E136C3C9}.Debug|Win32.Build.0 = Debug|Win32
		{EDF8CC4E-78E5-4EB6-9683-F476E136C3C9}.Release|Win32.ActiveCfg = Release|Win32
		{EDF8CC4E-78E5-4EB6-9683-F476E136C3C9}.Release|Win32.Build.0 = Release|Win32
		{C6985FE3-8594-4BBF-8FC9-44C19D036FE9}.Debug|Win32.ActiveCfg = Debug|Win32
		{C6985FE3-8594-4BBF-8FC9-44C19D036FE9}.Debug|Win32.Build.0 = Debug|Win32
		{C6985FE3-8594-4BBF-8FC9-44C19D036FE9}.Release|Win32.ActiveCfg = Release|Win32
		{C6985FE3-8594-4BBF-8FC9-44C19D036FE9}.Release|Win32.Build.0 = Release|Win32
	EndGlobalSection
	GlobalSection(SolutionProperties) = preSolution
		HideSolutionNode = FALSE
	EndGlobalSection
EndGlobal
